
Microsoft Visual Studio Solution File, Format Version 12.00
# Visual Studio Version 16
VisualStudioVersion = 16.0.29613.14
MinimumVisualStudioVersion = 15.0.26124.0
Project("{9A19103F-16F7-4668-BE54-9A1E7A4F7556}") = "Backend", "Backend\Backend.csproj", "{55324960-7EFF-4875-94D0-F182EE69A259}"
EndProject
Project("{9A19103F-16F7-4668-BE54-9A1E7A4F7556}") = "Shared", "Shared\Shared.csproj", "{3A0BEE1A-7E5F-4113-B460-D93E12C2CD44}"
EndProject
Project("{9A19103F-16F7-4668-BE54-9A1E7A4F7556}") = "Frontend", "Frontend\Frontend.csproj", "{5B5E3005-A4BF-4513-AFAD-7814AE2FFF1D}"
EndProject
Project("{6EC3EE1D-3C4E-46DD-8F32-0CC8E7565705}") = "Cosmos.Domain", "Cosmos.Domain\Cosmos.Domain.fsproj", "{F376BB2C-4747-48AD-B00E-7C4122D8D7C3}"
EndProject
Project("{6EC3EE1D-3C4E-46DD-8F32-0CC8E7565705}") = "Miteng.Domain", "Miteng.Domain\Miteng.Domain.fsproj", "{3E9B281A-19ED-4AA2-B5F5-02884064D879}"
EndProject
Project("{9A19103F-16F7-4668-BE54-9A1E7A4F7556}") = "Frontend.Contracts", "Frontend.Contracts\Frontend.Contracts.csproj", "{B0142E48-1001-4480-9220-6CDE21F82EDF}"
EndProject
Project("{9A19103F-16F7-4668-BE54-9A1E7A4F7556}") = "Backend.Contracts", "Backend.Contracts\Backend.Contracts.csproj", "{CA66DDC3-F4F6-4AB2-B9B4-22461ACFA307}"
EndProject
Project("{2150E333-8FDC-42A3-9474-1A3956D46DE8}") = "Backends", "Backends", "{200DB267-BB5E-4B0B-8EBB-43FC4B91200A}"
EndProject
Project("{2150E333-8FDC-42A3-9474-1A3956D46DE8}") = "Frontends", "Frontends", "{F4DA9C6E-EC02-4414-AA49-0A0C4BB3189E}"
EndProject
Project("{2150E333-8FDC-42A3-9474-1A3956D46DE8}") = "Other", "Other", "{99E09C92-5468-4BF7-B49D-DE959E49722E}"
EndProject
Project("{2150E333-8FDC-42A3-9474-1A3956D46DE8}") = "Workers", "Workers", "{8D2E3336-6D89-40BD-A2F1-0D3223A45230}"
EndProject
Project("{FAE04EC0-301F-11D3-BF4B-00C04F79EFBC}") = "Worker", "Worker\Worker.csproj", "{5D64B642-D954-45C0-AFC3-242B16AC5292}"
EndProject
Project("{D954291E-2A0B-460D-934E-DC6B0785DB48}") = "Protos", "Protos\Protos.shproj", "{6A93BDC3-F060-4A3E-BFA6-8A14328880F8}"
EndProject
Project("{FAE04EC0-301F-11D3-BF4B-00C04F79EFBC}") = "Backend.GrpcHost", "Backend.GrpcHost\Backend.GrpcHost.csproj", "{F5B6FFF3-CF95-4ADE-AD19-D78B4B50620B}"
EndProject
Global
	GlobalSection(SharedMSBuildProjectFiles) = preSolution
		Protos\Protos.projitems*{6a93bdc3-f060-4a3e-bfa6-8a14328880f8}*SharedItemsImports = 13
	EndGlobalSection
	GlobalSection(SolutionConfigurationPlatforms) = preSolution
		Debug|Any CPU = Debug|Any CPU
		Debug|x64 = Debug|x64
		Debug|x86 = Debug|x86
		Release|Any CPU = Release|Any CPU
		Release|x64 = Release|x64
		Release|x86 = Release|x86
	EndGlobalSection
	GlobalSection(ProjectConfigurationPlatforms) = postSolution
		{55324960-7EFF-4875-94D0-F182EE69A259}.Debug|Any CPU.ActiveCfg = Debug|Any CPU
		{55324960-7EFF-4875-94D0-F182EE69A259}.Debug|Any CPU.Build.0 = Debug|Any CPU
		{55324960-7EFF-4875-94D0-F182EE69A259}.Debug|x64.ActiveCfg = Debug|Any CPU
		{55324960-7EFF-4875-94D0-F182EE69A259}.Debug|x64.Build.0 = Debug|Any CPU
		{55324960-7EFF-4875-94D0-F182EE69A259}.Debug|x86.ActiveCfg = Debug|Any CPU
		{55324960-7EFF-4875-94D0-F182EE69A259}.Debug|x86.Build.0 = Debug|Any CPU
		{55324960-7EFF-4875-94D0-F182EE69A259}.Release|Any CPU.ActiveCfg = Release|Any CPU
		{55324960-7EFF-4875-94D0-F182EE69A259}.Release|Any CPU.Build.0 = Release|Any CPU
		{55324960-7EFF-4875-94D0-F182EE69A259}.Release|x64.ActiveCfg = Release|Any CPU
		{55324960-7EFF-4875-94D0-F182EE69A259}.Release|x64.Build.0 = Release|Any CPU
		{55324960-7EFF-4875-94D0-F182EE69A259}.Release|x86.ActiveCfg = Release|Any CPU
		{55324960-7EFF-4875-94D0-F182EE69A259}.Release|x86.Build.0 = Release|Any CPU
		{3A0BEE1A-7E5F-4113-B460-D93E12C2CD44}.Debug|Any CPU.ActiveCfg = Debug|Any CPU
		{3A0BEE1A-7E5F-4113-B460-D93E12C2CD44}.Debug|Any CPU.Build.0 = Debug|Any CPU
		{3A0BEE1A-7E5F-4113-B460-D93E12C2CD44}.Debug|x64.ActiveCfg = Debug|Any CPU
		{3A0BEE1A-7E5F-4113-B460-D93E12C2CD44}.Debug|x64.Build.0 = Debug|Any CPU
		{3A0BEE1A-7E5F-4113-B460-D93E12C2CD44}.Debug|x86.ActiveCfg = Debug|Any CPU
		{3A0BEE1A-7E5F-4113-B460-D93E12C2CD44}.Debug|x86.Build.0 = Debug|Any CPU
		{3A0BEE1A-7E5F-4113-B460-D93E12C2CD44}.Release|Any CPU.ActiveCfg = Release|Any CPU
		{3A0BEE1A-7E5F-4113-B460-D93E12C2CD44}.Release|Any CPU.Build.0 = Release|Any CPU
		{3A0BEE1A-7E5F-4113-B460-D93E12C2CD44}.Release|x64.ActiveCfg = Release|Any CPU
		{3A0BEE1A-7E5F-4113-B460-D93E12C2CD44}.Release|x64.Build.0 = Release|Any CPU
		{3A0BEE1A-7E5F-4113-B460-D93E12C2CD44}.Release|x86.ActiveCfg = Release|Any CPU
		{3A0BEE1A-7E5F-4113-B460-D93E12C2CD44}.Release|x86.Build.0 = Release|Any CPU
		{5B5E3005-A4BF-4513-AFAD-7814AE2FFF1D}.Debug|Any CPU.ActiveCfg = Debug|Any CPU
		{5B5E3005-A4BF-4513-AFAD-7814AE2FFF1D}.Debug|Any CPU.Build.0 = Debug|Any CPU
		{5B5E3005-A4BF-4513-AFAD-7814AE2FFF1D}.Debug|x64.ActiveCfg = Debug|Any CPU
		{5B5E3005-A4BF-4513-AFAD-7814AE2FFF1D}.Debug|x64.Build.0 = Debug|Any CPU
		{5B5E3005-A4BF-4513-AFAD-7814AE2FFF1D}.Debug|x86.ActiveCfg = Debug|Any CPU
		{5B5E3005-A4BF-4513-AFAD-7814AE2FFF1D}.Debug|x86.Build.0 = Debug|Any CPU
		{5B5E3005-A4BF-4513-AFAD-7814AE2FFF1D}.Release|Any CPU.ActiveCfg = Release|Any CPU
		{5B5E3005-A4BF-4513-AFAD-7814AE2FFF1D}.Release|Any CPU.Build.0 = Release|Any CPU
		{5B5E3005-A4BF-4513-AFAD-7814AE2FFF1D}.Release|x64.ActiveCfg = Release|Any CPU
		{5B5E3005-A4BF-4513-AFAD-7814AE2FFF1D}.Release|x64.Build.0 = Release|Any CPU
		{5B5E3005-A4BF-4513-AFAD-7814AE2FFF1D}.Release|x86.ActiveCfg = Release|Any CPU
		{5B5E3005-A4BF-4513-AFAD-7814AE2FFF1D}.Release|x86.Build.0 = Release|Any CPU
		{F376BB2C-4747-48AD-B00E-7C4122D8D7C3}.Debug|Any CPU.ActiveCfg = Debug|Any CPU
		{F376BB2C-4747-48AD-B00E-7C4122D8D7C3}.Debug|Any CPU.Build.0 = Debug|Any CPU
		{F376BB2C-4747-48AD-B00E-7C4122D8D7C3}.Debug|x64.ActiveCfg = Debug|Any CPU
		{F376BB2C-4747-48AD-B00E-7C4122D8D7C3}.Debug|x64.Build.0 = Debug|Any CPU
		{F376BB2C-4747-48AD-B00E-7C4122D8D7C3}.Debug|x86.ActiveCfg = Debug|Any CPU
		{F376BB2C-4747-48AD-B00E-7C4122D8D7C3}.Debug|x86.Build.0 = Debug|Any CPU
		{F376BB2C-4747-48AD-B00E-7C4122D8D7C3}.Release|Any CPU.ActiveCfg = Release|Any CPU
		{F376BB2C-4747-48AD-B00E-7C4122D8D7C3}.Release|Any CPU.Build.0 = Release|Any CPU
		{F376BB2C-4747-48AD-B00E-7C4122D8D7C3}.Release|x64.ActiveCfg = Release|Any CPU
		{F376BB2C-4747-48AD-B00E-7C4122D8D7C3}.Release|x64.Build.0 = Release|Any CPU
		{F376BB2C-4747-48AD-B00E-7C4122D8D7C3}.Release|x86.ActiveCfg = Release|Any CPU
		{F376BB2C-4747-48AD-B00E-7C4122D8D7C3}.Release|x86.Build.0 = Release|Any CPU
		{3E9B281A-19ED-4AA2-B5F5-02884064D879}.Debug|Any CPU.ActiveCfg = Debug|Any CPU
		{3E9B281A-19ED-4AA2-B5F5-02884064D879}.Debug|Any CPU.Build.0 = Debug|Any CPU
		{3E9B281A-19ED-4AA2-B5F5-02884064D879}.Debug|x64.ActiveCfg = Debug|Any CPU
		{3E9B281A-19ED-4AA2-B5F5-02884064D879}.Debug|x64.Build.0 = Debug|Any CPU
		{3E9B281A-19ED-4AA2-B5F5-02884064D879}.Debug|x86.ActiveCfg = Debug|Any CPU
		{3E9B281A-19ED-4AA2-B5F5-02884064D879}.Debug|x86.Build.0 = Debug|Any CPU
		{3E9B281A-19ED-4AA2-B5F5-02884064D879}.Release|Any CPU.ActiveCfg = Release|Any CPU
		{3E9B281A-19ED-4AA2-B5F5-02884064D879}.Release|Any CPU.Build.0 = Release|Any CPU
		{3E9B281A-19ED-4AA2-B5F5-02884064D879}.Release|x64.ActiveCfg = Release|Any CPU
		{3E9B281A-19ED-4AA2-B5F5-02884064D879}.Release|x64.Build.0 = Release|Any CPU
		{3E9B281A-19ED-4AA2-B5F5-02884064D879}.Release|x86.ActiveCfg = Release|Any CPU
		{3E9B281A-19ED-4AA2-B5F5-02884064D879}.Release|x86.Build.0 = Release|Any CPU
		{B0142E48-1001-4480-9220-6CDE21F82EDF}.Debug|Any CPU.ActiveCfg = Debug|Any CPU
		{B0142E48-1001-4480-9220-6CDE21F82EDF}.Debug|Any CPU.Build.0 = Debug|Any CPU
		{B0142E48-1001-4480-9220-6CDE21F82EDF}.Debug|x64.ActiveCfg = Debug|Any CPU
		{B0142E48-1001-4480-9220-6CDE21F82EDF}.Debug|x64.Build.0 = Debug|Any CPU
		{B0142E48-1001-4480-9220-6CDE21F82EDF}.Debug|x86.ActiveCfg = Debug|Any CPU
		{B0142E48-1001-4480-9220-6CDE21F82EDF}.Debug|x86.Build.0 = Debug|Any CPU
		{B0142E48-1001-4480-9220-6CDE21F82EDF}.Release|Any CPU.ActiveCfg = Release|Any CPU
		{B0142E48-1001-4480-9220-6CDE21F82EDF}.Release|Any CPU.Build.0 = Release|Any CPU
		{B0142E48-1001-4480-9220-6CDE21F82EDF}.Release|x64.ActiveCfg = Release|Any CPU
		{B0142E48-1001-4480-9220-6CDE21F82EDF}.Release|x64.Build.0 = Release|Any CPU
		{B0142E48-1001-4480-9220-6CDE21F82EDF}.Release|x86.ActiveCfg = Release|Any CPU
		{B0142E48-1001-4480-9220-6CDE21F82EDF}.Release|x86.Build.0 = Release|Any CPU
		{CA66DDC3-F4F6-4AB2-B9B4-22461ACFA307}.Debug|Any CPU.ActiveCfg = Debug|Any CPU
		{CA66DDC3-F4F6-4AB2-B9B4-22461ACFA307}.Debug|Any CPU.Build.0 = Debug|Any CPU
		{CA66DDC3-F4F6-4AB2-B9B4-22461ACFA307}.Debug|x64.ActiveCfg = Debug|Any CPU
		{CA66DDC3-F4F6-4AB2-B9B4-22461ACFA307}.Debug|x64.Build.0 = Debug|Any CPU
		{CA66DDC3-F4F6-4AB2-B9B4-22461ACFA307}.Debug|x86.ActiveCfg = Debug|Any CPU
		{CA66DDC3-F4F6-4AB2-B9B4-22461ACFA307}.Debug|x86.Build.0 = Debug|Any CPU
		{CA66DDC3-F4F6-4AB2-B9B4-22461ACFA307}.Release|Any CPU.ActiveCfg = Release|Any CPU
		{CA66DDC3-F4F6-4AB2-B9B4-22461ACFA307}.Release|Any CPU.Build.0 = Release|Any CPU
		{CA66DDC3-F4F6-4AB2-B9B4-22461ACFA307}.Release|x64.ActiveCfg = Release|Any CPU
		{CA66DDC3-F4F6-4AB2-B9B4-22461ACFA307}.Release|x64.Build.0 = Release|Any CPU
		{CA66DDC3-F4F6-4AB2-B9B4-22461ACFA307}.Release|x86.ActiveCfg = Release|Any CPU
		{CA66DDC3-F4F6-4AB2-B9B4-22461ACFA307}.Release|x86.Build.0 = Release|Any CPU
		{5D64B642-D954-45C0-AFC3-242B16AC5292}.Debug|Any CPU.ActiveCfg = Debug|Any CPU
		{5D64B642-D954-45C0-AFC3-242B16AC5292}.Debug|Any CPU.Build.0 = Debug|Any CPU
		{5D64B642-D954-45C0-AFC3-242B16AC5292}.Debug|x64.ActiveCfg = Debug|Any CPU
		{5D64B642-D954-45C0-AFC3-242B16AC5292}.Debug|x64.Build.0 = Debug|Any CPU
		{5D64B642-D954-45C0-AFC3-242B16AC5292}.Debug|x86.ActiveCfg = Debug|Any CPU
		{5D64B642-D954-45C0-AFC3-242B16AC5292}.Debug|x86.Build.0 = Debug|Any CPU
		{5D64B642-D954-45C0-AFC3-242B16AC5292}.Release|Any CPU.ActiveCfg = Release|Any CPU
		{5D64B642-D954-45C0-AFC3-242B16AC5292}.Release|Any CPU.Build.0 = Release|Any CPU
		{5D64B642-D954-45C0-AFC3-242B16AC5292}.Release|x64.ActiveCfg = Release|Any CPU
		{5D64B642-D954-45C0-AFC3-242B16AC5292}.Release|x64.Build.0 = Release|Any CPU
		{5D64B642-D954-45C0-AFC3-242B16AC5292}.Release|x86.ActiveCfg = Release|Any CPU
		{5D64B642-D954-45C0-AFC3-242B16AC5292}.Release|x86.Build.0 = Release|Any CPU
		{F5B6FFF3-CF95-4ADE-AD19-D78B4B50620B}.Debug|Any CPU.ActiveCfg = Debug|Any CPU
		{F5B6FFF3-CF95-4ADE-AD19-D78B4B50620B}.Debug|Any CPU.Build.0 = Debug|Any CPU
		{F5B6FFF3-CF95-4ADE-AD19-D78B4B50620B}.Debug|x64.ActiveCfg = Debug|Any CPU
		{F5B6FFF3-CF95-4ADE-AD19-D78B4B50620B}.Debug|x64.Build.0 = Debug|Any CPU
		{F5B6FFF3-CF95-4ADE-AD19-D78B4B50620B}.Debug|x86.ActiveCfg = Debug|Any CPU
		{F5B6FFF3-CF95-4ADE-AD19-D78B4B50620B}.Debug|x86.Build.0 = Debug|Any CPU
		{F5B6FFF3-CF95-4ADE-AD19-D78B4B50620B}.Release|Any CPU.ActiveCfg = Release|Any CPU
		{F5B6FFF3-CF95-4ADE-AD19-D78B4B50620B}.Release|Any CPU.Build.0 = Release|Any CPU
		{F5B6FFF3-CF95-4ADE-AD19-D78B4B50620B}.Release|x64.ActiveCfg = Release|Any CPU
		{F5B6FFF3-CF95-4ADE-AD19-D78B4B50620B}.Release|x64.Build.0 = Release|Any CPU
		{F5B6FFF3-CF95-4ADE-AD19-D78B4B50620B}.Release|x86.ActiveCfg = Release|Any CPU
		{F5B6FFF3-CF95-4ADE-AD19-D78B4B50620B}.Release|x86.Build.0 = Release|Any CPU
	EndGlobalSection
	GlobalSection(SolutionProperties) = preSolution
		HideSolutionNode = FALSE
	EndGlobalSection
	GlobalSection(NestedProjects) = preSolution
		{55324960-7EFF-4875-94D0-F182EE69A259} = {200DB267-BB5E-4B0B-8EBB-43FC4B91200A}
		{3A0BEE1A-7E5F-4113-B460-D93E12C2CD44} = {99E09C92-5468-4BF7-B49D-DE959E49722E}
		{5B5E3005-A4BF-4513-AFAD-7814AE2FFF1D} = {F4DA9C6E-EC02-4414-AA49-0A0C4BB3189E}
		{F376BB2C-4747-48AD-B00E-7C4122D8D7C3} = {99E09C92-5468-4BF7-B49D-DE959E49722E}
		{3E9B281A-19ED-4AA2-B5F5-02884064D879} = {99E09C92-5468-4BF7-B49D-DE959E49722E}
		{B0142E48-1001-4480-9220-6CDE21F82EDF} = {F4DA9C6E-EC02-4414-AA49-0A0C4BB3189E}
		{CA66DDC3-F4F6-4AB2-B9B4-22461ACFA307} = {200DB267-BB5E-4B0B-8EBB-43FC4B91200A}
		{5D64B642-D954-45C0-AFC3-242B16AC5292} = {8D2E3336-6D89-40BD-A2F1-0D3223A45230}
		{6A93BDC3-F060-4A3E-BFA6-8A14328880F8} = {200DB267-BB5E-4B0B-8EBB-43FC4B91200A}
		{F5B6FFF3-CF95-4ADE-AD19-D78B4B50620B} = {200DB267-BB5E-4B0B-8EBB-43FC4B91200A}
	EndGlobalSection
	GlobalSection(ExtensibilityGlobals) = postSolution
		SolutionGuid = {BE2BAE13-DF24-4083-8CA9-586FE26ADC84}
	EndGlobalSection
EndGlobal
